
Microsoft Visual Studio Solution File, Format Version 12.00
# Visual Studio Version 16
VisualStudioVersion = 16.0.30509.190
MinimumVisualStudioVersion = 10.0.40219.1
Project("{FAE04EC0-301F-11D3-BF4B-00C04F79EFBC}") = "Crowdfunding", "Crowdfunding\Crowdfunding.csproj", "{C1F1BACC-2730-4E35-B341-8CD648888D08}"
EndProject
Project("{FAE04EC0-301F-11D3-BF4B-00C04F79EFBC}") = "Crowdfunding.Tests", "Crowdfunding.Tests\Crowdfunding.Tests.csproj", "{9FAC1C99-AE27-4947-B73D-CC86F4C1FF2B}"
EndProject
Project("{FAE04EC0-301F-11D3-BF4B-00C04F79EFBC}") = "Crowdfunding.Deploy", "Crowdfunding.Deploy\Crowdfunding.Deploy.csproj", "{292CA250-88BD-44C7-A59B-07DDAB505E24}"
EndProject
Global
	GlobalSection(SolutionConfigurationPlatforms) = preSolution
		Debug|Any CPU = Debug|Any CPU
		Release|Any CPU = Release|Any CPU
	EndGlobalSection
	GlobalSection(ProjectConfigurationPlatforms) = postSolution
		{C1F1BACC-2730-4E35-B341-8CD648888D08}.Debug|Any CPU.ActiveCfg = Debug|Any CPU
		{C1F1BACC-2730-4E35-B341-8CD648888D08}.Debug|Any CPU.Build.0 = Debug|Any CPU
		{C1F1BACC-2730-4E35-B341-8CD648888D08}.Release|Any CPU.ActiveCfg = Release|Any CPU
		{C1F1BACC-2730-4E35-B341-8CD648888D08}.Release|Any CPU.Build.0 = Release|Any CPU
		{9FAC1C99-AE27-4947-B73D-CC86F4C1FF2B}.Debug|Any CPU.ActiveCfg = Debug|Any CPU
		{9FAC1C99-AE27-4947-B73D-CC86F4C1FF2B}.Debug|Any CPU.Build.0 = Debug|Any CPU
		{9FAC1C99-AE27-4947-B73D-CC86F4C1FF2B}.Release|Any CPU.ActiveCfg = Release|Any CPU
		{9FAC1C99-AE27-4947-B73D-CC86F4C1FF2B}.Release|Any CPU.Build.0 = Release|Any CPU
		{292CA250-88BD-44C7-A59B-07DDAB505E24}.Debug|Any CPU.ActiveCfg = Debug|Any CPU
		{292CA250-88BD-44C7-A59B-07DDAB505E24}.Debug|Any CPU.Build.0 = Debug|Any CPU
		{292CA250-88BD-44C7-A59B-07DDAB505E24}.Release|Any CPU.ActiveCfg = Release|Any CPU
		{292CA250-88BD-44C7-A59B-07DDAB505E24}.Release|Any CPU.Build.0 = Release|Any CPU
	EndGlobalSection
	GlobalSection(SolutionProperties) = preSolution
		HideSolutionNode = FALSE
	EndGlobalSection
	GlobalSection(ExtensibilityGlobals) = postSolution
		SolutionGuid = {2A5F8BCF-CED0-4024-84FD-7E0CF50DF50C}
	EndGlobalSection
EndGlobal
